dependencies:
- name: ingress-nginx
  repository: https://kubernetes.github.io/ingress-nginx
  version: 4.1.0
- name: cert-manager
  repository: https://charts.jetstack.io
  version: v1.5.2
- name: cert-manager-webhook-civo
  repository: https://storage.googleapis.com/charts.okteto.com
  version: 0.2.0
- name: reloader
  repository: https://stakater.github.io/stakater-charts
  version: v0.0.104
digest: sha256:88ea278c7b097f15216f1e3b1c307102cd0188f0457dc907ad42b6706bbf14a2
generated: "2022-04-25T11:19:42.671407+02:00"
